{
  "name": "immerseLingo",
  "version": "1.0.0",
  "lockfileVersion": 3,
  "requires": true,
  "packages": {
    "": {
      "name": "immerseLingo",
      "version": "1.0.0",
      "license": "Apache-2.0",
      "devDependencies": {
        "@yodaos-jsar/types": "^0.2.1-rc0"
      }
    },
    "node_modules/@types/node": {
      "version": "18.19.39",
      "resolved": "https://registry.npmjs.org/@types/node/-/node-18.19.39.tgz",
      "integrity": "sha512-nPwTRDKUctxw3di5b4TfT3I0sWDiWoPQCZjXhvdkINntwr8lcoVCKsTgnXeRubKIlfnV+eN/HYk6Jb40tbcEAQ==",
      "dev": true,
      "dependencies": {
        "undici-types": "~5.26.4"
      }
    },
    "node_modules/@yodaos-jsar/types": {
      "version": "0.2.1",
      "resolved": "https://registry.npmjs.org/@yodaos-jsar/types/-/types-0.2.1.tgz",
      "integrity": "sha512-V/y+8ZvzqiakL7QekIgDMMtKLv9dUiiLzW9H0UnarzElrbqtdGg5Jv8rmf8hyxqtcAuXQ2OK0L0drnhFrvNHgA==",
      "dev": true,
      "dependencies": {
        "@types/node": "^18.12.1"
      }
    },
    "node_modules/undici-types": {
      "version": "5.26.5",
      "resolved": "https://registry.npmjs.org/undici-types/-/undici-types-5.26.5.tgz",
      "integrity": "sha512-JlCMO+ehdEIKqlFxk6IfVoAUVmgz7cU7zD/h9XZ0qzeosSHmUJVOzSQvvYSYWXkFXC+IfLKSIffhv0sVZup6pA==",
      "dev": true
    }
  }
}
